// !$*UTF8*$!
{
	archiveVersion = 1;
	classes = {
	};
	objectVersion = 46;
	objects = {

/* Begin PBXBuildFile section */
		AF4480001E0D04590018C065 /* AppDelegate.swift in Sources */ = {isa = PBXBuildFile; fileRef = AF447FFF1E0D04590018C065 /* AppDelegate.swift */; };
		AF4480021E0D04590018C065 /* LocationsViewController.swift in Sources */ = {isa = PBXBuildFile; fileRef = AF4480011E0D04590018C065 /* LocationsViewController.swift */; };
		AF4480051E0D04590018C065 /* Main.storyboard in Resources */ = {isa = PBXBuildFile; fileRef = AF4480031E0D04590018C065 /* Main.storyboard */; };
		AF4480071E0D04590018C065 /* Assets.xcassets in Resources */ = {isa = PBXBuildFile; fileRef = AF4480061E0D04590018C065 /* Assets.xcassets */; };
		AF44800A1E0D04590018C065 /* LaunchScreen.storyboard in Resources */ = {isa = PBXBuildFile; fileRef = AF4480081E0D04590018C065 /* LaunchScreen.storyboard */; };
		AF4480131E0D062C0018C065 /* MapKit.framework in Frameworks */ = {isa = PBXBuildFile; fileRef = AF4480121E0D062C0018C065 /* MapKit.framework */; };
		AF4480151E0D06340018C065 /* CoreLocation.framework in Frameworks */ = {isa = PBXBuildFile; fileRef = AF4480141E0D06340018C065 /* CoreLocation.framework */; };
		AF4480191E0D06930018C065 /* Locations.swift in Sources */ = {isa = PBXBuildFile; fileRef = AF4480181E0D06930018C065 /* Locations.swift */; };
		AF44801B1E0D069E0018C065 /* Doctors.swift in Sources */ = {isa = PBXBuildFile; fileRef = AF44801A1E0D069E0018C065 /* Doctors.swift */; };
		AF44801D1E0D07AB0018C065 /* DoctorsViewController.swift in Sources */ = {isa = PBXBuildFile; fileRef = AF44801C1E0D07AB0018C065 /* DoctorsViewController.swift */; };
		AF44801F1E0D07BB0018C065 /* DoctorProfileViewController.swift in Sources */ = {isa = PBXBuildFile; fileRef = AF44801E1E0D07BB0018C065 /* DoctorProfileViewController.swift */; };
		AF4480251E0D086A0018C065 /* DoctorsTableViewCell.swift in Sources */ = {isa = PBXBuildFile; fileRef = AF4480241E0D086A0018C065 /* DoctorsTableViewCell.swift */; };
		B888D62BC14CB512F39D83DB /* Pods_DoctorNeedy.framework in Frameworks */ = {isa = PBXBuildFile; fileRef = 908DF1F54CA9047BE9214C5B /* Pods_DoctorNeedy.framework */; };
/* End PBXBuildFile section */

/* Begin PBXFileReference section */
		55CEA53F2783F67F70FEFF31 /* Pods-DoctorNeedy.debug.xcconfig */ = {isa = PBXFileReference; includeInIndex = 1; lastKnownFileType = text.xcconfig; name = "Pods-DoctorNeedy.debug.xcconfig"; path = "Pods/Target Support Files/Pods-DoctorNeedy/Pods-DoctorNeedy.debug.xcconfig"; sourceTree = "<group>"; };
		83DA9DF3A35C6D7345E7AC5F /* Pods-DoctorNeedy.release.xcconfig */ = {isa = PBXFileReference; includeInIndex = 1; lastKnownFileType = text.xcconfig; name = "Pods-DoctorNeedy.release.xcconfig"; path = "Pods/Target Support Files/Pods-DoctorNeedy/Pods-DoctorNeedy.release.xcconfig"; sourceTree = "<group>"; };
		908DF1F54CA9047BE9214C5B /* Pods_DoctorNeedy.framework */ = {isa = PBXFileReference; explicitFileType = wrapper.framework; includeInIndex = 0; path = Pods_DoctorNeedy.framework; sourceTree = BUILT_PRODUCTS_DIR; };
		AF447FFC1E0D04590018C065 /* DoctorNeedy.app */ = {isa = PBXFileReference; explicitFileType = wrapper.application; includeInIndex = 0; path = DoctorNeedy.app; sourceTree = BUILT_PRODUCTS_DIR; };
		AF447FFF1E0D04590018C065 /* AppDelegate.swift */ = {isa = PBXFileReference; lastKnownFileType = sourcecode.swift; path = AppDelegate.swift; sourceTree = "<group>"; };
		AF4480011E0D04590018C065 /* LocationsViewController.swift */ = {isa = PBXFileReference; lastKnownFileType = sourcecode.swift; path = LocationsViewController.swift; sourceTree = "<group>"; };
		AF4480041E0D04590018C065 /* Base */ = {isa = PBXFileReference; lastKnownFileType = file.storyboard; name = Base; path = Base.lproj/Main.storyboard; sourceTree = "<group>"; };
		AF4480061E0D04590018C065 /* Assets.xcassets */ = {isa = PBXFileReference; lastKnownFileType = folder.assetcatalog; path = Assets.xcassets; sourceTree = "<group>"; };
		AF4480091E0D04590018C065 /* Base */ = {isa = PBXFileReference; lastKnownFileType = file.storyboard; name = Base; path = Base.lproj/LaunchScreen.storyboard; sourceTree = "<group>"; };
		AF44800B1E0D04590018C065 /* Info.plist */ = {isa = PBXFileReference; lastKnownFileType = text.plist.xml; path = Info.plist; sourceTree = "<group>"; };
		AF4480121E0D062C0018C065 /* MapKit.framework */ = {isa = PBXFileReference; lastKnownFileType = wrapper.framework; name = MapKit.framework; path = System/Library/Frameworks/MapKit.framework; sourceTree = SDKROOT; };
		AF4480141E0D06340018C065 /* CoreLocation.framework */ = {isa = PBXFileReference; lastKnownFileType = wrapper.framework; name = CoreLocation.framework; path = System/Library/Frameworks/CoreLocation.framework; sourceTree = SDKROOT; };
		AF4480181E0D06930018C065 /* Locations.swift */ = {isa = PBXFileReference; fileEncoding = 4; lastKnownFileType = sourcecode.swift; path = Locations.swift; sourceTree = "<group>"; };
		AF44801A1E0D069E0018C065 /* Doctors.swift */ = {isa = PBXFileReference; fileEncoding = 4; lastKnownFileType = sourcecode.swift; path = Doctors.swift; sourceTree = "<group>"; };
		AF44801C1E0D07AB0018C065 /* DoctorsViewController.swift */ = {isa = PBXFileReference; fileEncoding = 4; lastKnownFileType = sourcecode.swift; path = DoctorsViewController.swift; sourceTree = "<group>"; };
		AF44801E1E0D07BB0018C065 /* DoctorProfileViewController.swift */ = {isa = PBXFileReference; fileEncoding = 4; lastKnownFileType = sourcecode.swift; path = DoctorProfileViewController.swift; sourceTree = "<group>"; };
		AF4480241E0D086A0018C065 /* DoctorsTableViewCell.swift */ = {isa = PBXFileReference; fileEncoding = 4; lastKnownFileType = sourcecode.swift; path = DoctorsTableViewCell.swift; sourceTree = "<group>"; };
/* End PBXFileReference section */

/* Begin PBXFrameworksBuildPhase section */
		AF447FF91E0D04590018C065 /* Frameworks */ = {
			isa = PBXFrameworksBuildPhase;
			buildActionMask = 2147483647;
			files = (
				AF4480151E0D06340018C065 /* CoreLocation.framework in Frameworks */,
				AF4480131E0D062C0018C065 /* MapKit.framework in Frameworks */,
				B888D62BC14CB512F39D83DB /* Pods_DoctorNeedy.framework in Frameworks */,
			);
			runOnlyForDeploymentPostprocessing = 0;
		};
/* End PBXFrameworksBuildPhase section */

/* Begin PBXGroup section */
		656CB3CE77B682D8047240F2 /* Pods */ = {
			isa = PBXGroup;
			children = (
				55CEA53F2783F67F70FEFF31 /* Pods-DoctorNeedy.debug.xcconfig */,
				83DA9DF3A35C6D7345E7AC5F /* Pods-DoctorNeedy.release.xcconfig */,
			);
			name = Pods;
			sourceTree = "<group>";
		};
		AF447FF31E0D04590018C065 = {
			isa = PBXGroup;
			children = (
				AF447FFE1E0D04590018C065 /* DoctorNeedy */,
				AF447FFD1E0D04590018C065 /* Products */,
				AF4480111E0D062C0018C065 /* Frameworks */,
				656CB3CE77B682D8047240F2 /* Pods */,
			);
			sourceTree = "<group>";
		};
		AF447FFD1E0D04590018C065 /* Products */ = {
			isa = PBXGroup;
			children = (
				AF447FFC1E0D04590018C065 /* DoctorNeedy.app */,
			);
			name = Products;
			sourceTree = "<group>";
		};
		AF447FFE1E0D04590018C065 /* DoctorNeedy */ = {
			isa = PBXGroup;
			children = (
				AF4480211E0D08390018C065 /* TableViewCell */,
				AF4480201E0D07BE0018C065 /* ViewControllers */,
				AF4480161E0D066E0018C065 /* Modal */,
				AF447FFF1E0D04590018C065 /* AppDelegate.swift */,
				AF4480031E0D04590018C065 /* Main.storyboard */,
				AF4480061E0D04590018C065 /* Assets.xcassets */,
				AF4480081E0D04590018C065 /* LaunchScreen.storyboard */,
				AF44800B1E0D04590018C065 /* Info.plist */,
			);
			path = DoctorNeedy;
			sourceTree = "<group>";
		};
		AF4480111E0D062C0018C065 /* Frameworks */ = {
			isa = PBXGroup;
			children = (
				AF4480141E0D06340018C065 /* CoreLocation.framework */,
				AF4480121E0D062C0018C065 /* MapKit.framework */,
				908DF1F54CA9047BE9214C5B /* Pods_DoctorNeedy.framework */,
			);
			name = Frameworks;
			sourceTree = "<group>";
		};
		AF4480161E0D066E0018C065 /* Modal */ = {
			isa = PBXGroup;
			children = (
				AF4480181E0D06930018C065 /* Locations.swift */,
				AF44801A1E0D069E0018C065 /* Doctors.swift */,
			);
			name = Modal;
			sourceTree = "<group>";
		};
		AF4480201E0D07BE0018C065 /* ViewControllers */ = {
			isa = PBXGroup;
			children = (
				AF44801C1E0D07AB0018C065 /* DoctorsViewController.swift */,
				AF44801E1E0D07BB0018C065 /* DoctorProfileViewController.swift */,
				AF4480011E0D04590018C065 /* LocationsViewController.swift */,
			);
			name = ViewControllers;
			sourceTree = "<group>";
		};
		AF4480211E0D08390018C065 /* TableViewCell */ = {
			isa = PBXGroup;
			children = (
				AF4480241E0D086A0018C065 /* DoctorsTableViewCell.swift */,
			);
			name = TableViewCell;
			sourceTree = "<group>";
		};
/* End PBXGroup section */

/* Begin PBXNativeTarget section */
		AF447FFB1E0D04590018C065 /* DoctorNeedy */ = {
			isa = PBXNativeTarget;
			buildConfigurationList = AF44800E1E0D04590018C065 /* Build configuration list for PBXNativeTarget "DoctorNeedy" */;
			buildPhases = (
				88C5D61D93F76BC82118A739 /* [CP] Check Pods Manifest.lock */,
				AF447FF81E0D04590018C065 /* Sources */,
				AF447FF91E0D04590018C065 /* Frameworks */,
				AF447FFA1E0D04590018C065 /* Resources */,
				19DF45D352F57F2C99446249 /* [CP] Embed Pods Frameworks */,
				4BA370C08D092E17DEA666EA /* [CP] Copy Pods Resources */,
			);
			buildRules = (
			);
			dependencies = (
			);
			name = DoctorNeedy;
			productName = DoctorNeedy;
			productReference = AF447FFC1E0D04590018C065 /* DoctorNeedy.app */;
			productType = "com.apple.product-type.application";
		};
/* End PBXNativeTarget section */

/* Begin PBXProject section */
		AF447FF41E0D04590018C065 /* Project object */ = {
			isa = PBXProject;
			attributes = {
				LastSwiftUpdateCheck = 0820;
				LastUpgradeCheck = 0820;
				ORGANIZATIONNAME = Calvin.kl;
				TargetAttributes = {
					AF447FFB1E0D04590018C065 = {
						CreatedOnToolsVersion = 8.2;
						ProvisioningStyle = Automatic;
					};
				};
			};
			buildConfigurationList = AF447FF71E0D04590018C065 /* Build configuration list for PBXProject "DoctorNeedy" */;
			compatibilityVersion = "Xcode 3.2";
			developmentRegion = English;
			hasScannedForEncodings = 0;
			knownRegions = (
				en,
				Base,
			);
			mainGroup = AF447FF31E0D04590018C065;
			productRefGroup = AF447FFD1E0D04590018C065 /* Products */;
			projectDirPath = "";
			projectRoot = "";
			targets = (
				AF447FFB1E0D04590018C065 /* DoctorNeedy */,
			);
		};
/* End PBXProject section */

/* Begin PBXResourcesBuildPhase section */
		AF447FFA1E0D04590018C065 /* Resources */ = {
			isa = PBXResourcesBuildPhase;
			buildActionMask = 2147483647;
			files = (
				AF44800A1E0D04590018C065 /* LaunchScreen.storyboard in Resources */,
				AF4480071E0D04590018C065 /* Assets.xcassets in Resources */,
				AF4480051E0D04590018C065 /* Main.storyboard in Resources */,
			);
			runOnlyForDeploymentPostprocessing = 0;
		};
/* End PBXResourcesBuildPhase section */

/* Begin PBXShellScriptBuildPhase section */
		19DF45D352F57F2C99446249 /* [CP] Embed Pods Frameworks */ = {
			isa = PBXShellScriptBuildPhase;
			buildActionMask = 2147483647;
			files = (
			);
			inputPaths = (
			);
			name = "[CP] Embed Pods Frameworks";
			outputPaths = (
			);
			runOnlyForDeploymentPostprocessing = 0;
			shellPath = /bin/sh;
			shellScript = "\"${SRCROOT}/Pods/Target Support Files/Pods-DoctorNeedy/Pods-DoctorNeedy-frameworks.sh\"\n";
			showEnvVarsInLog = 0;
		};
		4BA370C08D092E17DEA666EA /* [CP] Copy Pods Resources */ = {
			isa = PBXShellScriptBuildPhase;
			buildActionMask = 2147483647;
			files = (
			);
			inputPaths = (
			);
			name = "[CP] Copy Pods Resources";
			outputPaths = (
			);
			runOnlyForDeploymentPostprocessing = 0;
			shellPath = /bin/sh;
			shellScript = "\"${SRCROOT}/Pods/Target Support Files/Pods-DoctorNeedy/Pods-DoctorNeedy-resources.sh\"\n";
			showEnvVarsInLog = 0;
		};
		88C5D61D93F76BC82118A739 /* [CP] Check Pods Manifest.lock */ = {
			isa = PBXShellScriptBuildPhase;
			buildActionMask = 2147483647;
			files = (
			);
			inputPaths = (
			);
			name = "[CP] Check Pods Manifest.lock";
			outputPaths = (
			);
			runOnlyForDeploymentPostprocessing = 0;
			shellPath = /bin/sh;
			shellScript = "diff \"${PODS_ROOT}/../Podfile.lock\" \"${PODS_ROOT}/Manifest.lock\" > /dev/null\nif [ $? != 0 ] ; then\n    # print error to STDERR\n    echo \"error: The sandbox is not in sync with the Podfile.lock. Run 'pod install' or update your CocoaPods installation.\" >&2\n    exit 1\nfi\n";
			showEnvVarsInLog = 0;
		};
/* End PBXShellScriptBuildPhase section */

/* Begin PBXSourcesBuildPhase section */
		AF447FF81E0D04590018C065 /* Sources */ = {
			isa = PBXSourcesBuildPhase;
			buildActionMask = 2147483647;
			files = (
				AF4480191E0D06930018C065 /* Locations.swift in Sources */,
				AF4480021E0D04590018C065 /* LocationsViewController.swift in Sources */,
				AF44801B1E0D069E0018C065 /* Doctors.swift in Sources */,
				AF4480001E0D04590018C065 /* AppDelegate.swift in Sources */,
				AF44801D1E0D07AB0018C065 /* DoctorsViewController.swift in Sources */,
				AF4480251E0D086A0018C065 /* DoctorsTableViewCell.swift in Sources */,
				AF44801F1E0D07BB0018C065 /* DoctorProfileViewController.swift in Sources */,
			);
			runOnlyForDeploymentPostprocessing = 0;
		};
/* End PBXSourcesBuildPhase section */

/* Begin PBXVariantGroup section */
		AF4480031E0D04590018C065 /* Main.storyboard */ = {
			isa = PBXVariantGroup;
			children = (
				AF4480041E0D04590018C065 /* Base */,
			);
			name = Main.storyboard;
			sourceTree = "<group>";
		};
		AF4480081E0D04590018C065 /* LaunchScreen.storyboard */ = {
			isa = PBXVariantGroup;
			children = (
				AF4480091E0D04590018C065 /* Base */,
			);
			name = LaunchScreen.storyboard;
			sourceTree = "<group>";
		};
/* End PBXVariantGroup section */

/* Begin XCBuildConfiguration section */
		AF44800C1E0D04590018C065 /* Debug */ = {
			isa = XCBuildConfiguration;
			buildSettings = {
				ALWAYS_SEARCH_USER_PATHS = NO;
				CLANG_ANALYZER_NONNULL = YES;
				CLANG_CXX_LANGUAGE_STANDARD = "gnu++0x";
				CLANG_CXX_LIBRARY = "libc++";
				CLANG_ENABLE_MODULES = YES;
				CLANG_ENABLE_OBJC_ARC = YES;
				CLANG_WARN_BOOL_CONVERSION = YES;
				CLANG_WARN_CONSTANT_CONVERSION = YES;
				CLANG_WARN_DIRECT_OBJC_ISA_USAGE = YES_ERROR;
				CLANG_WARN_DOCUMENTATION_COMMENTS = YES;
				CLANG_WARN_EMPTY_BODY = YES;
				CLANG_WARN_ENUM_CONVERSION = YES;
				CLANG_WARN_INFINITE_RECURSION = YES;
				CLANG_WARN_INT_CONVERSION = YES;
				CLANG_WARN_OBJC_ROOT_CLASS = YES_ERROR;
				CLANG_WARN_SUSPICIOUS_MOVE = YES;
				CLANG_WARN_UNREACHABLE_CODE = YES;
				CLANG_WARN__DUPLICATE_METHOD_MATCH = YES;
				"CODE_SIGN_IDENTITY[sdk=iphoneos*]" = "iPhone Developer";
				COPY_PHASE_STRIP = NO;
				DEBUG_INFORMATION_FORMAT = dwarf;
				ENABLE_STRICT_OBJC_MSGSEND = YES;
				ENABLE_TESTABILITY = YES;
				GCC_C_LANGUAGE_STANDARD = gnu99;
				GCC_DYNAMIC_NO_PIC = NO;
				GCC_NO_COMMON_BLOCKS = YES;
				GCC_OPTIMIZATION_LEVEL = 0;
				GCC_PREPROCESSOR_DEFINITIONS = (
					"DEBUG=1",
					"$(inherited)",
				);
				GCC_WARN_64_TO_32_BIT_CONVERSION = YES;
				GCC_WARN_ABOUT_RETURN_TYPE = YES_ERROR;
				GCC_WARN_UNDECLARED_SELECTOR = YES;
				GCC_WARN_UNINITIALIZED_AUTOS = YES_AGGRESSIVE;
				GCC_WARN_UNUSED_FUNCTION = YES;
				GCC_WARN_UNUSED_VARIABLE = YES;
				IPHONEOS_DEPLOYMENT_TARGET = 10.2;
				MTL_ENABLE_DEBUG_INFO = YES;
				ONLY_ACTIVE_ARCH = YES;
				SDKROOT = iphoneos;
				SWIFT_ACTIVE_COMPILATION_CONDITIONS = DEBUG;
				SWIFT_OPTIMIZATION_LEVEL = "-Onone";
				TARGETED_DEVICE_FAMILY = "1,2";
			};
			name = Debug;
		};
		AF44800D1E0D04590018C065 /* Release */ = {
			isa = XCBuildConfiguration;
			buildSettings = {
				ALWAYS_SEARCH_USER_PATHS = NO;
				CLANG_ANALYZER_NONNULL = YES;
				CLANG_CXX_LANGUAGE_STANDARD = "gnu++0x";
				CLANG_CXX_LIBRARY = "libc++";
				CLANG_ENABLE_MODULES = YES;
				CLANG_ENABLE_OBJC_ARC = YES;
				CLANG_WARN_BOOL_CONVERSION = YES;
				CLANG_WARN_CONSTANT_CONVERSION = YES;
				CLANG_WARN_DIRECT_OBJC_ISA_USAGE = YES_ERROR;
				CLANG_WARN_DOCUMENTATION_COMMENTS = YES;
				CLANG_WARN_EMPTY_BODY = YES;
				CLANG_WARN_ENUM_CONVERSION = YES;
				CLANG_WARN_INFINITE_RECURSION = YES;
				CLANG_WARN_INT_CONVERSION = YES;
				CLANG_WARN_OBJC_ROOT_CLASS = YES_ERROR;
				CLANG_WARN_SUSPICIOUS_MOVE = YES;
				CLANG_WARN_UNREACHABLE_CODE = YES;
				CLANG_WARN__DUPLICATE_METHOD_MATCH = YES;
				"CODE_SIGN_IDENTITY[sdk=iphoneos*]" = "iPhone Developer";
				COPY_PHASE_STRIP = NO;
				DEBUG_INFORMATION_FORMAT = "dwarf-with-dsym";
				ENABLE_NS_ASSERTIONS = NO;
				ENABLE_STRICT_OBJC_MSGSEND = YES;
				GCC_C_LANGUAGE_STANDARD = gnu99;
				GCC_NO_COMMON_BLOCKS = YES;
				GCC_WARN_64_TO_32_BIT_CONVERSION = YES;
				GCC_WARN_ABOUT_RETURN_TYPE = YES_ERROR;
				GCC_WARN_UNDECLARED_SELECTOR = YES;
				GCC_WARN_UNINITIALIZED_AUTOS = YES_AGGRESSIVE;
				GCC_WARN_UNUSED_FUNCTION = YES;
				GCC_WARN_UNUSED_VARIABLE = YES;
				IPHONEOS_DEPLOYMENT_TARGET = 10.2;
				MTL_ENABLE_DEBUG_INFO = NO;
				SDKROOT = iphoneos;
				SWIFT_OPTIMIZATION_LEVEL = "-Owholemodule";
				TARGETED_DEVICE_FAMILY = "1,2";
				VALIDATE_PRODUCT = YES;
			};
			name = Release;
		};
		AF44800F1E0D04590018C065 /* Debug */ = {
			isa = XCBuildConfiguration;
			baseConfigurationReference = 55CEA53F2783F67F70FEFF31 /* Pods-DoctorNeedy.debug.xcconfig */;
			buildSettings = {
				ASSETCATALOG_COMPILER_APPICON_NAME = AppIcon;
				INFOPLIST_FILE = DoctorNeedy/Info.plist;
				LD_RUNPATH_SEARCH_PATHS = "$(inherited) @executable_path/Frameworks";
				PRODUCT_BUNDLE_IDENTIFIER = com.calvin.kl.DoctorNeedy;
				PRODUCT_NAME = "$(TARGET_NAME)";
				SWIFT_VERSION = 3.0;
			};
			name = Debug;
		};
		AF4480101E0D04590018C065 /* Release */ = {
			isa = XCBuildConfiguration;
			baseConfigurationReference = 83DA9DF3A35C6D7345E7AC5F /* Pods-DoctorNeedy.release.xcconfig */;
			buildSettings = {
				ASSETCATALOG_COMPILER_APPICON_NAME = AppIcon;
				INFOPLIST_FILE = DoctorNeedy/Info.plist;
				LD_RUNPATH_SEARCH_PATHS = "$(inherited) @executable_path/Frameworks";
				PRODUCT_BUNDLE_IDENTIFIER = com.calvin.kl.DoctorNeedy;
				PRODUCT_NAME = "$(TARGET_NAME)";
				SWIFT_VERSION = 3.0;
			};
			name = Release;
		};
/* End XCBuildConfiguration section */

/* Begin XCConfigurationList section */
		AF447FF71E0D04590018C065 /* Build configuration list for PBXProject "DoctorNeedy" */ = {
			isa = XCConfigurationList;
			buildConfigurations = (
				AF44800C1E0D04590018C065 /* Debug */,
				AF44800D1E0D04590018C065 /* Release */,
			);
			defaultConfigurationIsVisible = 0;
			defaultConfigurationName = Release;
		};
		AF44800E1E0D04590018C065 /* Build configuration list for PBXNativeTarget "DoctorNeedy" */ = {
			isa = XCConfigurationList;
			buildConfigurations = (
				AF44800F1E0D04590018C065 /* Debug */,
				AF4480101E0D04590018C065 /* Release */,
			);
			defaultConfigurationIsVisible = 0;
			defaultConfigurationName = Release;
		};
/* End XCConfigurationList section */
	};
	rootObject = AF447FF41E0D04590018C065 /* Project object */;
}
